# THIS IS AN AUTOGENERATED FILE. DO NOT EDIT THIS FILE DIRECTLY.
# yarn lockfile v1


"@types/prop-types@*":
  version "15.7.3"
  resolved "https://registry.yarnpkg.com/@types/prop-types/-/prop-types-15.7.3.tgz#2ab0d5da2e5815f94b0b9d4b95d1e5f243ab2ca7"
  integrity sha512-KfRL3PuHmqQLOG+2tGpRO26Ctg+Cq1E01D2DMriKEATHgWLfeNDmq9e29Q9WIky0dQ3NPkd1mzYH8Lm936Z9qw==

"@types/react-truncate@^2.3.3":
  version "2.3.3"
  resolved "https://registry.yarnpkg.com/@types/react-truncate/-/react-truncate-2.3.3.tgz#76dcea6a4a34db17c981dbe8e7515ae2b09fc997"
  integrity sha512-wtbubWJSvT+A3zzacmxpXE1nkHKX0nybSXfwNTdHtBfwJEzm1Caau9AGAS6R7uBuYw0sHcK/DoqRALfSOexLew==
  dependencies:
    "@types/react" "*"

"@types/react@*":
  version "16.9.46"
  resolved "https://registry.yarnpkg.com/@types/react/-/react-16.9.46.tgz#f0326cd7adceda74148baa9bff6e918632f5069e"
  integrity sha512-dbHzO3aAq1lB3jRQuNpuZ/mnu+CdD3H0WVaaBQA8LTT3S33xhVBUj232T8M3tAhSWJs/D/UqORYUlJNl/8VQZg==
  dependencies:
    "@types/prop-types" "*"
    csstype "^3.0.2"

csstype@^3.0.2:
  version "3.0.2"
  resolved "https://registry.yarnpkg.com/csstype/-/csstype-3.0.2.tgz#ee5ff8f208c8cd613b389f7b222c9801ca62b3f7"
  integrity sha512-ofovWglpqoqbfLNOTBNZLSbMuGrblAf1efvvArGKOZMBrIoJeu5UsAipQolkijtyQx5MtAzT/J9IHj/CEY1mJw==

react-truncate@^2.4.0:
  version "2.4.0"
  resolved "https://registry.yarnpkg.com/react-truncate/-/react-truncate-2.4.0.tgz#3cf5ff09ab86f93e3c078d359f4de6d75aa60510"
  integrity sha512-3QW11/COYwi6iPUaunUhl06DW5NJBJD1WkmxW5YxqqUu6kvP+msB3jfoLg8WRbu57JqgebjVW8Lknw6T5/QZdA==
