# THIS IS AN AUTOGENERATED FILE. DO NOT EDIT THIS FILE DIRECTLY.
# yarn lockfile v1


"@types/bcrypt@^3.0.0":
  version "3.0.0"
  resolved "https://registry.yarnpkg.com/@types/bcrypt/-/bcrypt-3.0.0.tgz#851489a9065a067cb7f3c9cbe4ce9bed8bba0876"
  integrity sha512-nohgNyv+1ViVcubKBh0+XiNJ3dO8nYu///9aJ4cgSqv70gBL+94SNy/iC2NLzKPT2Zt/QavrOkBVbZRLZmw6NQ==

"@types/jsonwebtoken@^8.3.9":
  version "8.3.9"
  resolved "https://registry.yarnpkg.com/@types/jsonwebtoken/-/jsonwebtoken-8.3.9.tgz#48da9a49997e4eb046733e6878f583d7448f0594"
  integrity sha512-00rI8GbOKuRtoYxltFSRTVUXCRLbuYwln2/nUMPtFU9JGS7if+nnmLjeoFGmqsNCmblPLAaeQ/zMLVsHr6T5bg==
  dependencies:
    "@types/node" "*"

"@types/node@*":
  version "13.11.1"
  resolved "https://registry.yarnpkg.com/@types/node/-/node-13.11.1.tgz#49a2a83df9d26daacead30d0ccc8762b128d53c7"
  integrity sha512-eWQGP3qtxwL8FGneRrC5DwrJLGN4/dH1clNTuLfN81HCrxVtxRjygDTUoZJ5ASlDEeo0ppYFQjQIlXhtXpOn6g==
